
Microsoft Visual Studio Solution File, Format Version 12.00
# Visual Studio Version 16
VisualStudioVersion = 16.0.29709.97
MinimumVisualStudioVersion = 10.0.40219.1
Project("{9A19103F-16F7-4668-BE54-9A1E7A4F7556}") = "webapp", "webapp\webapp.csproj", "{9DFF81ED-FEFC-4A6F-968B-350DF75D09D1}"
EndProject
Project("{9A19103F-16F7-4668-BE54-9A1E7A4F7556}") = "tests", "tests\tests.csproj", "{8802DBF3-D40A-424D-B34C-A37250C7AA4D}"
EndProject
Project("{FAE04EC0-301F-11D3-BF4B-00C04F79EFBC}") = "joseki.db", "joseki.db\joseki.db.csproj", "{092CC17D-10F2-40EE-A2EC-E11B5934393C}"
EndProject
Global
	GlobalSection(SolutionConfigurationPlatforms) = preSolution
		Debug|Any CPU = Debug|Any CPU
		Release|Any CPU = Release|Any CPU
	EndGlobalSection
	GlobalSection(ProjectConfigurationPlatforms) = postSolution
		{9DFF81ED-FEFC-4A6F-968B-350DF75D09D1}.Debug|Any CPU.ActiveCfg = Debug|Any CPU
		{9DFF81ED-FEFC-4A6F-968B-350DF75D09D1}.Debug|Any CPU.Build.0 = Debug|Any CPU
		{9DFF81ED-FEFC-4A6F-968B-350DF75D09D1}.Release|Any CPU.ActiveCfg = Release|Any CPU
		{9DFF81ED-FEFC-4A6F-968B-350DF75D09D1}.Release|Any CPU.Build.0 = Release|Any CPU
		{8802DBF3-D40A-424D-B34C-A37250C7AA4D}.Debug|Any CPU.ActiveCfg = Debug|Any CPU
		{8802DBF3-D40A-424D-B34C-A37250C7AA4D}.Debug|Any CPU.Build.0 = Debug|Any CPU
		{8802DBF3-D40A-424D-B34C-A37250C7AA4D}.Release|Any CPU.ActiveCfg = Release|Any CPU
		{8802DBF3-D40A-424D-B34C-A37250C7AA4D}.Release|Any CPU.Build.0 = Release|Any CPU
		{092CC17D-10F2-40EE-A2EC-E11B5934393C}.Debug|Any CPU.ActiveCfg = Debug|Any CPU
		{092CC17D-10F2-40EE-A2EC-E11B5934393C}.Debug|Any CPU.Build.0 = Debug|Any CPU
		{092CC17D-10F2-40EE-A2EC-E11B5934393C}.Release|Any CPU.ActiveCfg = Release|Any CPU
		{092CC17D-10F2-40EE-A2EC-E11B5934393C}.Release|Any CPU.Build.0 = Release|Any CPU
	EndGlobalSection
	GlobalSection(SolutionProperties) = preSolution
		HideSolutionNode = FALSE
	EndGlobalSection
	GlobalSection(ExtensibilityGlobals) = postSolution
		SolutionGuid = {5363A050-955A-4ADA-A26D-80BF637039C4}
	EndGlobalSection
EndGlobal
